// !$*UTF8*$!
{
	archiveVersion = 1;
	classes = {
	};
	objectVersion = 48;
	objects = {

/* Begin PBXBuildFile section */
		841653591FE36C5B009C9CAD /* AppDelegate.m in Sources */ = {isa = PBXBuildFile; fileRef = 841653581FE36C5B009C9CAD /* AppDelegate.m */; };
		8416535C1FE36C5B009C9CAD /* ViewController.m in Sources */ = {isa = PBXBuildFile; fileRef = 8416535B1FE36C5B009C9CAD /* ViewController.m */; };
		8416535F1FE36C5B009C9CAD /* Main.storyboard in Resources */ = {isa = PBXBuildFile; fileRef = 8416535D1FE36C5B009C9CAD /* Main.storyboard */; };
		841653611FE36C5B009C9CAD /* Assets.xcassets in Resources */ = {isa = PBXBuildFile; fileRef = 841653601FE36C5B009C9CAD /* Assets.xcassets */; };
		841653641FE36C5B009C9CAD /* LaunchScreen.storyboard in Resources */ = {isa = PBXBuildFile; fileRef = 841653621FE36C5B009C9CAD /* LaunchScreen.storyboard */; };
		841653671FE36C5B009C9CAD /* main.m in Sources */ = {isa = PBXBuildFile; fileRef = 841653661FE36C5B009C9CAD /* main.m */; };
		841653711FE36C5B009C9CAD /* ZJCityPickerViewControllerTests.m in Sources */ = {isa = PBXBuildFile; fileRef = 841653701FE36C5B009C9CAD /* ZJCityPickerViewControllerTests.m */; };
		8416537C1FE36C5B009C9CAD /* ZJCityPickerViewControllerUITests.m in Sources */ = {isa = PBXBuildFile; fileRef = 8416537B1FE36C5B009C9CAD /* ZJCityPickerViewControllerUITests.m */; };
		8416538C1FE36E44009C9CAD /* ZJCityPickerViewController.m in Sources */ = {isa = PBXBuildFile; fileRef = 8416538B1FE36E44009C9CAD /* ZJCityPickerViewController.m */; };
		8416538F1FE36EB1009C9CAD /* ZJCityPickerAppearance.m in Sources */ = {isa = PBXBuildFile; fileRef = 8416538E1FE36EB1009C9CAD /* ZJCityPickerAppearance.m */; };
		841653921FE374D5009C9CAD /* UIColor+ZJHexString.m in Sources */ = {isa = PBXBuildFile; fileRef = 841653911FE374D5009C9CAD /* UIColor+ZJHexString.m */; };
		841659191FE3D553009C9CAD /* ZJCityPickerViewAdapter.m in Sources */ = {isa = PBXBuildFile; fileRef = 841659181FE3D553009C9CAD /* ZJCityPickerViewAdapter.m */; };
		84BECF3A1FE7ABB0009ED468 /* ZJCityPickerViewControllerSource.bundle in Resources */ = {isa = PBXBuildFile; fileRef = 84BECF391FE7ABB0009ED468 /* ZJCityPickerViewControllerSource.bundle */; };
		84BECF3D1FE7B06E009ED468 /* ZJCityPickerCity.m in Sources */ = {isa = PBXBuildFile; fileRef = 84BECF3C1FE7B06E009ED468 /* ZJCityPickerCity.m */; };
		84E52EFC1FE752BC00E6D77F /* ZJCityPickerCollectionHeader.m in Sources */ = {isa = PBXBuildFile; fileRef = 84E52EFB1FE752BC00E6D77F /* ZJCityPickerCollectionHeader.m */; };
		84E52EFF1FE7583900E6D77F /* ZJCityPickerGroupModel.m in Sources */ = {isa = PBXBuildFile; fileRef = 84E52EFE1FE7583900E6D77F /* ZJCityPickerGroupModel.m */; };
		84E52F021FE76C3000E6D77F /* ZJCityPickerDataSource.m in Sources */ = {isa = PBXBuildFile; fileRef = 84E52F011FE76C3000E6D77F /* ZJCityPickerDataSource.m */; };
/* End PBXBuildFile section */

/* Begin PBXContainerItemProxy section */
		8416536D1FE36C5B009C9CAD /* PBXContainerItemProxy */ = {
			isa = PBXContainerItemProxy;
			containerPortal = 8416534C1FE36C5B009C9CAD /* Project object */;
			proxyType = 1;
			remoteGlobalIDString = 841653531FE36C5B009C9CAD;
			remoteInfo = ZJCityPickerViewController;
		};
		841653781FE36C5B009C9CAD /* PBXContainerItemProxy */ = {
			isa = PBXContainerItemProxy;
			containerPortal = 8416534C1FE36C5B009C9CAD /* Project object */;
			proxyType = 1;
			remoteGlobalIDString = 841653531FE36C5B009C9CAD;
			remoteInfo = ZJCityPickerViewController;
		};
/* End PBXContainerItemProxy section */

/* Begin PBXFileReference section */
		841653541FE36C5B009C9CAD /* ZJCityPickerViewController.app */ = {isa = PBXFileReference; explicitFileType = wrapper.application; includeInIndex = 0; path = ZJCityPickerViewController.app; sourceTree = BUILT_PRODUCTS_DIR; };
		841653571FE36C5B009C9CAD /* AppDelegate.h */ = {isa = PBXFileReference; lastKnownFileType = sourcecode.c.h; path = AppDelegate.h; sourceTree = "<group>"; };
		841653581FE36C5B009C9CAD /* AppDelegate.m */ = {isa = PBXFileReference; lastKnownFileType = sourcecode.c.objc; path = AppDelegate.m; sourceTree = "<group>"; };
		8416535A1FE36C5B009C9CAD /* ViewController.h */ = {isa = PBXFileReference; lastKnownFileType = sourcecode.c.h; path = ViewController.h; sourceTree = "<group>"; };
		8416535B1FE36C5B009C9CAD /* ViewController.m */ = {isa = PBXFileReference; lastKnownFileType = sourcecode.c.objc; path = ViewController.m; sourceTree = "<group>"; };
		8416535E1FE36C5B009C9CAD /* Base */ = {isa = PBXFileReference; lastKnownFileType = file.storyboard; name = Base; path = Base.lproj/Main.storyboard; sourceTree = "<group>"; };
		841653601FE36C5B009C9CAD /* Assets.xcassets */ = {isa = PBXFileReference; lastKnownFileType = folder.assetcatalog; path = Assets.xcassets; sourceTree = "<group>"; };
		841653631FE36C5B009C9CAD /* Base */ = {isa = PBXFileReference; lastKnownFileType = file.storyboard; name = Base; path = Base.lproj/LaunchScreen.storyboard; sourceTree = "<group>"; };
		841653651FE36C5B009C9CAD /* Info.plist */ = {isa = PBXFileReference; lastKnownFileType = text.plist.xml; path = Info.plist; sourceTree = "<group>"; };
		841653661FE36C5B009C9CAD /* main.m */ = {isa = PBXFileReference; lastKnownFileType = sourcecode.c.objc; path = main.m; sourceTree = "<group>"; };
		8416536C1FE36C5B009C9CAD /* ZJCityPickerViewControllerTests.xctest */ = {isa = PBXFileReference; explicitFileType = wrapper.cfbundle; includeInIndex = 0; path = ZJCityPickerViewControllerTests.xctest; sourceTree = BUILT_PRODUCTS_DIR; };
		841653701FE36C5B009C9CAD /* ZJCityPickerViewControllerTests.m */ = {isa = PBXFileReference; lastKnownFileType = sourcecode.c.objc; path = ZJCityPickerViewControllerTests.m; sourceTree = "<group>"; };
		841653721FE36C5B009C9CAD /* Info.plist */ = {isa = PBXFileReference; lastKnownFileType = text.plist.xml; path = Info.plist; sourceTree = "<group>"; };
		841653771FE36C5B009C9CAD /* ZJCityPickerViewControllerUITests.xctest */ = {isa = PBXFileReference; explicitFileType = wrapper.cfbundle; includeInIndex = 0; path = ZJCityPickerViewControllerUITests.xctest; sourceTree = BUILT_PRODUCTS_DIR; };
		8416537B1FE36C5B009C9CAD /* ZJCityPickerViewControllerUITests.m */ = {isa = PBXFileReference; lastKnownFileType = sourcecode.c.objc; path = ZJCityPickerViewControllerUITests.m; sourceTree = "<group>"; };
		8416537D1FE36C5B009C9CAD /* Info.plist */ = {isa = PBXFileReference; lastKnownFileType = text.plist.xml; path = Info.plist; sourceTree = "<group>"; };
		8416538A1FE36E44009C9CAD /* ZJCityPickerViewController.h */ = {isa = PBXFileReference; lastKnownFileType = sourcecode.c.h; path = ZJCityPickerViewController.h; sourceTree = "<group>"; };
		8416538B1FE36E44009C9CAD /* ZJCityPickerViewController.m */ = {isa = PBXFileReference; lastKnownFileType = sourcecode.c.objc; path = ZJCityPickerViewController.m; sourceTree = "<group>"; };
		8416538D1FE36EB1009C9CAD /* ZJCityPickerAppearance.h */ = {isa = PBXFileReference; lastKnownFileType = sourcecode.c.h; path = ZJCityPickerAppearance.h; sourceTree = "<group>"; };
		8416538E1FE36EB1009C9CAD /* ZJCityPickerAppearance.m */ = {isa = PBXFileReference; lastKnownFileType = sourcecode.c.objc; path = ZJCityPickerAppearance.m; sourceTree = "<group>"; };
		841653901FE374D5009C9CAD /* UIColor+ZJHexString.h */ = {isa = PBXFileReference; lastKnownFileType = sourcecode.c.h; path = "UIColor+ZJHexString.h"; sourceTree = "<group>"; };
		841653911FE374D5009C9CAD /* UIColor+ZJHexString.m */ = {isa = PBXFileReference; lastKnownFileType = sourcecode.c.objc; path = "UIColor+ZJHexString.m"; sourceTree = "<group>"; };
		841659171FE3D553009C9CAD /* ZJCityPickerViewAdapter.h */ = {isa = PBXFileReference; lastKnownFileType = sourcecode.c.h; path = ZJCityPickerViewAdapter.h; sourceTree = "<group>"; };
		841659181FE3D553009C9CAD /* ZJCityPickerViewAdapter.m */ = {isa = PBXFileReference; lastKnownFileType = sourcecode.c.objc; path = ZJCityPickerViewAdapter.m; sourceTree = "<group>"; };
		84BECF391FE7ABB0009ED468 /* ZJCityPickerViewControllerSource.bundle */ = {isa = PBXFileReference; lastKnownFileType = "wrapper.plug-in"; path = ZJCityPickerViewControllerSource.bundle; sourceTree = "<group>"; };
		84BECF3B1FE7B06E009ED468 /* ZJCityPickerCity.h */ = {isa = PBXFileReference; lastKnownFileType = sourcecode.c.h; path = ZJCityPickerCity.h; sourceTree = "<group>"; };
		84BECF3C1FE7B06E009ED468 /* ZJCityPickerCity.m */ = {isa = PBXFileReference; lastKnownFileType = sourcecode.c.objc; path = ZJCityPickerCity.m; sourceTree = "<group>"; };
		84E52EFA1FE752BC00E6D77F /* ZJCityPickerCollectionHeader.h */ = {isa = PBXFileReference; lastKnownFileType = sourcecode.c.h; path = ZJCityPickerCollectionHeader.h; sourceTree = "<group>"; };
		84E52EFB1FE752BC00E6D77F /* ZJCityPickerCollectionHeader.m */ = {isa = PBXFileReference; lastKnownFileType = sourcecode.c.objc; path = ZJCityPickerCollectionHeader.m; sourceTree = "<group>"; };
		84E52EFD1FE7583900E6D77F /* ZJCityPickerGroupModel.h */ = {isa = PBXFileReference; lastKnownFileType = sourcecode.c.h; path = ZJCityPickerGroupModel.h; sourceTree = "<group>"; };
		84E52EFE1FE7583900E6D77F /* ZJCityPickerGroupModel.m */ = {isa = PBXFileReference; lastKnownFileType = sourcecode.c.objc; path = ZJCityPickerGroupModel.m; sourceTree = "<group>"; };
		84E52F001FE76C3000E6D77F /* ZJCityPickerDataSource.h */ = {isa = PBXFileReference; lastKnownFileType = sourcecode.c.h; path = ZJCityPickerDataSource.h; sourceTree = "<group>"; };
		84E52F011FE76C3000E6D77F /* ZJCityPickerDataSource.m */ = {isa = PBXFileReference; lastKnownFileType = sourcecode.c.objc; path = ZJCityPickerDataSource.m; sourceTree = "<group>"; };
/* End PBXFileReference section */

/* Begin PBXFrameworksBuildPhase section */
		841653511FE36C5B009C9CAD /* Frameworks */ = {
			isa = PBXFrameworksBuildPhase;
			buildActionMask = 2147483647;
			files = (
			);
			runOnlyForDeploymentPostprocessing = 0;
		};
		841653691FE36C5B009C9CAD /* Frameworks */ = {
			isa = PBXFrameworksBuildPhase;
			buildActionMask = 2147483647;
			files = (
			);
			runOnlyForDeploymentPostprocessing = 0;
		};
		841653741FE36C5B009C9CAD /* Frameworks */ = {
			isa = PBXFrameworksBuildPhase;
			buildActionMask = 2147483647;
			files = (
			);
			runOnlyForDeploymentPostprocessing = 0;
		};
/* End PBXFrameworksBuildPhase section */

/* Begin PBXGroup section */
		8416534B1FE36C5B009C9CAD = {
			isa = PBXGroup;
			children = (
				841653561FE36C5B009C9CAD /* ZJCityPickerViewController */,
				8416536F1FE36C5B009C9CAD /* ZJCityPickerViewControllerTests */,
				8416537A1FE36C5B009C9CAD /* ZJCityPickerViewControllerUITests */,
				841653551FE36C5B009C9CAD /* Products */,
			);
			sourceTree = "<group>";
		};
		841653551FE36C5B009C9CAD /* Products */ = {
			isa = PBXGroup;
			children = (
				841653541FE36C5B009C9CAD /* ZJCityPickerViewController.app */,
				8416536C1FE36C5B009C9CAD /* ZJCityPickerViewControllerTests.xctest */,
				841653771FE36C5B009C9CAD /* ZJCityPickerViewControllerUITests.xctest */,
			);
			name = Products;
			sourceTree = "<group>";
		};
		841653561FE36C5B009C9CAD /* ZJCityPickerViewController */ = {
			isa = PBXGroup;
			children = (
				841653891FE36E15009C9CAD /* ZJCityPickerViewController */,
				841653571FE36C5B009C9CAD /* AppDelegate.h */,
				841653581FE36C5B009C9CAD /* AppDelegate.m */,
				8416535A1FE36C5B009C9CAD /* ViewController.h */,
				8416535B1FE36C5B009C9CAD /* ViewController.m */,
				8416535D1FE36C5B009C9CAD /* Main.storyboard */,
				841653601FE36C5B009C9CAD /* Assets.xcassets */,
				841653621FE36C5B009C9CAD /* LaunchScreen.storyboard */,
				841653651FE36C5B009C9CAD /* Info.plist */,
				841653661FE36C5B009C9CAD /* main.m */,
			);
			path = ZJCityPickerViewController;
			sourceTree = "<group>";
		};
		8416536F1FE36C5B009C9CAD /* ZJCityPickerViewControllerTests */ = {
			isa = PBXGroup;
			children = (
				841653701FE36C5B009C9CAD /* ZJCityPickerViewControllerTests.m */,
				841653721FE36C5B009C9CAD /* Info.plist */,
			);
			path = ZJCityPickerViewControllerTests;
			sourceTree = "<group>";
		};
		8416537A1FE36C5B009C9CAD /* ZJCityPickerViewControllerUITests */ = {
			isa = PBXGroup;
			children = (
				8416537B1FE36C5B009C9CAD /* ZJCityPickerViewControllerUITests.m */,
				8416537D1FE36C5B009C9CAD /* Info.plist */,
			);
			path = ZJCityPickerViewControllerUITests;
			sourceTree = "<group>";
		};
		841653891FE36E15009C9CAD /* ZJCityPickerViewController */ = {
			isa = PBXGroup;
			children = (
				8416538A1FE36E44009C9CAD /* ZJCityPickerViewController.h */,
				8416538B1FE36E44009C9CAD /* ZJCityPickerViewController.m */,
				841659171FE3D553009C9CAD /* ZJCityPickerViewAdapter.h */,
				841659181FE3D553009C9CAD /* ZJCityPickerViewAdapter.m */,
				8416538D1FE36EB1009C9CAD /* ZJCityPickerAppearance.h */,
				8416538E1FE36EB1009C9CAD /* ZJCityPickerAppearance.m */,
				84E52F001FE76C3000E6D77F /* ZJCityPickerDataSource.h */,
				84E52F011FE76C3000E6D77F /* ZJCityPickerDataSource.m */,
				84E52EFA1FE752BC00E6D77F /* ZJCityPickerCollectionHeader.h */,
				84E52EFB1FE752BC00E6D77F /* ZJCityPickerCollectionHeader.m */,
				84E52EFD1FE7583900E6D77F /* ZJCityPickerGroupModel.h */,
				84E52EFE1FE7583900E6D77F /* ZJCityPickerGroupModel.m */,
				84BECF3B1FE7B06E009ED468 /* ZJCityPickerCity.h */,
				84BECF3C1FE7B06E009ED468 /* ZJCityPickerCity.m */,
				841653901FE374D5009C9CAD /* UIColor+ZJHexString.h */,
				841653911FE374D5009C9CAD /* UIColor+ZJHexString.m */,
				84BECF391FE7ABB0009ED468 /* ZJCityPickerViewControllerSource.bundle */,
			);
			path = ZJCityPickerViewController;
			sourceTree = "<group>";
		};
/* End PBXGroup section */

/* Begin PBXNativeTarget section */
		841653531FE36C5B009C9CAD /* ZJCityPickerViewController */ = {
			isa = PBXNativeTarget;
			buildConfigurationList = 841653801FE36C5B009C9CAD /* Build configuration list for PBXNativeTarget "ZJCityPickerViewController" */;
			buildPhases = (
				841653501FE36C5B009C9CAD /* Sources */,
				841653511FE36C5B009C9CAD /* Frameworks */,
				841653521FE36C5B009C9CAD /* Resources */,
			);
			buildRules = (
			);
			dependencies = (
			);
			name = ZJCityPickerViewController;
			productName = ZJCityPickerViewController;
			productReference = 841653541FE36C5B009C9CAD /* ZJCityPickerViewController.app */;
			productType = "com.apple.product-type.application";
		};
		8416536B1FE36C5B009C9CAD /* ZJCityPickerViewControllerTests */ = {
			isa = PBXNativeTarget;
			buildConfigurationList = 841653831FE36C5B009C9CAD /* Build configuration list for PBXNativeTarget "ZJCityPickerViewControllerTests" */;
			buildPhases = (
				841653681FE36C5B009C9CAD /* Sources */,
				841653691FE36C5B009C9CAD /* Frameworks */,
				8416536A1FE36C5B009C9CAD /* Resources */,
			);
			buildRules = (
			);
			dependencies = (
				8416536E1FE36C5B009C9CAD /* PBXTargetDependency */,
			);
			name = ZJCityPickerViewControllerTests;
			productName = ZJCityPickerViewControllerTests;
			productReference = 8416536C1FE36C5B009C9CAD /* ZJCityPickerViewControllerTests.xctest */;
			productType = "com.apple.product-type.bundle.unit-test";
		};
		841653761FE36C5B009C9CAD /* ZJCityPickerViewControllerUITests */ = {
			isa = PBXNativeTarget;
			buildConfigurationList = 841653861FE36C5B009C9CAD /* Build configuration list for PBXNativeTarget "ZJCityPickerViewControllerUITests" */;
			buildPhases = (
				841653731FE36C5B009C9CAD /* Sources */,
				841653741FE36C5B009C9CAD /* Frameworks */,
				841653751FE36C5B009C9CAD /* Resources */,
			);
			buildRules = (
			);
			dependencies = (
				841653791FE36C5B009C9CAD /* PBXTargetDependency */,
			);
			name = ZJCityPickerViewControllerUITests;
			productName = ZJCityPickerViewControllerUITests;
			productReference = 841653771FE36C5B009C9CAD /* ZJCityPickerViewControllerUITests.xctest */;
			productType = "com.apple.product-type.bundle.ui-testing";
		};
/* End PBXNativeTarget section */

/* Begin PBXProject section */
		8416534C1FE36C5B009C9CAD /* Project object */ = {
			isa = PBXProject;
			attributes = {
				LastUpgradeCheck = 0920;
				ORGANIZATIONNAME = zoujie;
				TargetAttributes = {
					841653531FE36C5B009C9CAD = {
						CreatedOnToolsVersion = 9.2;
						ProvisioningStyle = Automatic;
					};
					8416536B1FE36C5B009C9CAD = {
						CreatedOnToolsVersion = 9.2;
						ProvisioningStyle = Automatic;
						TestTargetID = 841653531FE36C5B009C9CAD;
					};
					841653761FE36C5B009C9CAD = {
						CreatedOnToolsVersion = 9.2;
						ProvisioningStyle = Automatic;
						TestTargetID = 841653531FE36C5B009C9CAD;
					};
				};
			};
			buildConfigurationList = 8416534F1FE36C5B009C9CAD /* Build configuration list for PBXProject "ZJCityPickerViewController" */;
			compatibilityVersion = "Xcode 8.0";
			developmentRegion = en;
			hasScannedForEncodings = 0;
			knownRegions = (
				en,
				Base,
			);
			mainGroup = 8416534B1FE36C5B009C9CAD;
			productRefGroup = 841653551FE36C5B009C9CAD /* Products */;
			projectDirPath = "";
			projectRoot = "";
			targets = (
				841653531FE36C5B009C9CAD /* ZJCityPickerViewController */,
				8416536B1FE36C5B009C9CAD /* ZJCityPickerViewControllerTests */,
				841653761FE36C5B009C9CAD /* ZJCityPickerViewControllerUITests */,
			);
		};
/* End PBXProject section */

/* Begin PBXResourcesBuildPhase section */
		841653521FE36C5B009C9CAD /* Resources */ = {
			isa = PBXResourcesBuildPhase;
			buildActionMask = 2147483647;
			files = (
				841653641FE36C5B009C9CAD /* LaunchScreen.storyboard in Resources */,
				841653611FE36C5B009C9CAD /* Assets.xcassets in Resources */,
				84BECF3A1FE7ABB0009ED468 /* ZJCityPickerViewControllerSource.bundle in Resources */,
				8416535F1FE36C5B009C9CAD /* Main.storyboard in Resources */,
			);
			runOnlyForDeploymentPostprocessing = 0;
		};
		8416536A1FE36C5B009C9CAD /* Resources */ = {
			isa = PBXResourcesBuildPhase;
			buildActionMask = 2147483647;
			files = (
			);
			runOnlyForDeploymentPostprocessing = 0;
		};
		841653751FE36C5B009C9CAD /* Resources */ = {
			isa = PBXResourcesBuildPhase;
			buildActionMask = 2147483647;
			files = (
			);
			runOnlyForDeploymentPostprocessing = 0;
		};
/* End PBXResourcesBuildPhase section */

/* Begin PBXSourcesBuildPhase section */
		841653501FE36C5B009C9CAD /* Sources */ = {
			isa = PBXSourcesBuildPhase;
			buildActionMask = 2147483647;
			files = (
				8416535C1FE36C5B009C9CAD /* ViewController.m in Sources */,
				84E52F021FE76C3000E6D77F /* ZJCityPickerDataSource.m in Sources */,
				84E52EFC1FE752BC00E6D77F /* ZJCityPickerCollectionHeader.m in Sources */,
				8416538C1FE36E44009C9CAD /* ZJCityPickerViewController.m in Sources */,
				841653921FE374D5009C9CAD /* UIColor+ZJHexString.m in Sources */,
				841653671FE36C5B009C9CAD /* main.m in Sources */,
				841653591FE36C5B009C9CAD /* AppDelegate.m in Sources */,
				84BECF3D1FE7B06E009ED468 /* ZJCityPickerCity.m in Sources */,
				8416538F1FE36EB1009C9CAD /* ZJCityPickerAppearance.m in Sources */,
				84E52EFF1FE7583900E6D77F /* ZJCityPickerGroupModel.m in Sources */,
				841659191FE3D553009C9CAD /* ZJCityPickerViewAdapter.m in Sources */,
			);
			runOnlyForDeploymentPostprocessing = 0;
		};
		841653681FE36C5B009C9CAD /* Sources */ = {
			isa = PBXSourcesBuildPhase;
			buildActionMask = 2147483647;
			files = (
				841653711FE36C5B009C9CAD /* ZJCityPickerViewControllerTests.m in Sources */,
			);
			runOnlyForDeploymentPostprocessing = 0;
		};
		841653731FE36C5B009C9CAD /* Sources */ = {
			isa = PBXSourcesBuildPhase;
			buildActionMask = 2147483647;
			files = (
				8416537C1FE36C5B009C9CAD /* ZJCityPickerViewControllerUITests.m in Sources */,
			);
			runOnlyForDeploymentPostprocessing = 0;
		};
/* End PBXSourcesBuildPhase section */

/* Begin PBXTargetDependency section */
		8416536E1FE36C5B009C9CAD /* PBXTargetDependency */ = {
			isa = PBXTargetDependency;
			target = 841653531FE36C5B009C9CAD /* ZJCityPickerViewController */;
			targetProxy = 8416536D1FE36C5B009C9CAD /* PBXContainerItemProxy */;
		};
		841653791FE36C5B009C9CAD /* PBXTargetDependency */ = {
			isa = PBXTargetDependency;
			target = 841653531FE36C5B009C9CAD /* ZJCityPickerViewController */;
			targetProxy = 841653781FE36C5B009C9CAD /* PBXContainerItemProxy */;
		};
/* End PBXTargetDependency section */

/* Begin PBXVariantGroup section */
		8416535D1FE36C5B009C9CAD /* Main.storyboard */ = {
			isa = PBXVariantGroup;
			children = (
				8416535E1FE36C5B009C9CAD /* Base */,
			);
			name = Main.storyboard;
			sourceTree = "<group>";
		};
		841653621FE36C5B009C9CAD /* LaunchScreen.storyboard */ = {
			isa = PBXVariantGroup;
			children = (
				841653631FE36C5B009C9CAD /* Base */,
			);
			name = LaunchScreen.storyboard;
			sourceTree = "<group>";
		};
/* End PBXVariantGroup section */

/* Begin XCBuildConfiguration section */
		8416537E1FE36C5B009C9CAD /* Debug */ = {
			isa = XCBuildConfiguration;
			buildSettings = {
				ALWAYS_SEARCH_USER_PATHS = NO;
				CLANG_ANALYZER_NONNULL = YES;
				CLANG_ANALYZER_NUMBER_OBJECT_CONVERSION = YES_AGGRESSIVE;
				CLANG_CXX_LANGUAGE_STANDARD = "gnu++14";
				CLANG_CXX_LIBRARY = "libc++";
				CLANG_ENABLE_MODULES = YES;
				CLANG_ENABLE_OBJC_ARC = YES;
				CLANG_WARN_BLOCK_CAPTURE_AUTORELEASING = YES;
				CLANG_WARN_BOOL_CONVERSION = YES;
				CLANG_WARN_COMMA = YES;
				CLANG_WARN_CONSTANT_CONVERSION = YES;
				CLANG_WARN_DIRECT_OBJC_ISA_USAGE = YES_ERROR;
				CLANG_WARN_DOCUMENTATION_COMMENTS = YES;
				CLANG_WARN_EMPTY_BODY = YES;
				CLANG_WARN_ENUM_CONVERSION = YES;
				CLANG_WARN_INFINITE_RECURSION = YES;
				CLANG_WARN_INT_CONVERSION = YES;
				CLANG_WARN_NON_LITERAL_NULL_CONVERSION = YES;
				CLANG_WARN_OBJC_LITERAL_CONVERSION = YES;
				CLANG_WARN_OBJC_ROOT_CLASS = YES_ERROR;
				CLANG_WARN_RANGE_LOOP_ANALYSIS = YES;
				CLANG_WARN_STRICT_PROTOTYPES = YES;
				CLANG_WARN_SUSPICIOUS_MOVE = YES;
				CLANG_WARN_UNGUARDED_AVAILABILITY = YES_AGGRESSIVE;
				CLANG_WARN_UNREACHABLE_CODE = YES;
				CLANG_WARN__DUPLICATE_METHOD_MATCH = YES;
				CODE_SIGN_IDENTITY = "iPhone Developer";
				COPY_PHASE_STRIP = NO;
				DEBUG_INFORMATION_FORMAT = dwarf;
				ENABLE_STRICT_OBJC_MSGSEND = YES;
				ENABLE_TESTABILITY = YES;
				GCC_C_LANGUAGE_STANDARD = gnu11;
				GCC_DYNAMIC_NO_PIC = NO;
				GCC_NO_COMMON_BLOCKS = YES;
				GCC_OPTIMIZATION_LEVEL = 0;
				GCC_PREPROCESSOR_DEFINITIONS = (
					"DEBUG=1",
					"$(inherited)",
				);
				GCC_WARN_64_TO_32_BIT_CONVERSION = YES;
				GCC_WARN_ABOUT_RETURN_TYPE = YES_ERROR;
				GCC_WARN_UNDECLARED_SELECTOR = YES;
				GCC_WARN_UNINITIALIZED_AUTOS = YES_AGGRESSIVE;
				GCC_WARN_UNUSED_FUNCTION = YES;
				GCC_WARN_UNUSED_VARIABLE = YES;
				IPHONEOS_DEPLOYMENT_TARGET = 11.2;
				MTL_ENABLE_DEBUG_INFO = YES;
				ONLY_ACTIVE_ARCH = YES;
				SDKROOT = iphoneos;
			};
			name = Debug;
		};
		8416537F1FE36C5B009C9CAD /* Release */ = {
			isa = XCBuildConfiguration;
			buildSettings = {
				ALWAYS_SEARCH_USER_PATHS = NO;
				CLANG_ANALYZER_NONNULL = YES;
				CLANG_ANALYZER_NUMBER_OBJECT_CONVERSION = YES_AGGRESSIVE;
				CLANG_CXX_LANGUAGE_STANDARD = "gnu++14";
				CLANG_CXX_LIBRARY = "libc++";
				CLANG_ENABLE_MODULES = YES;
				CLANG_ENABLE_OBJC_ARC = YES;
				CLANG_WARN_BLOCK_CAPTURE_AUTORELEASING = YES;
				CLANG_WARN_BOOL_CONVERSION = YES;
				CLANG_WARN_COMMA = YES;
				CLANG_WARN_CONSTANT_CONVERSION = YES;
				CLANG_WARN_DIRECT_OBJC_ISA_USAGE = YES_ERROR;
				CLANG_WARN_DOCUMENTATION_COMMENTS = YES;
				CLANG_WARN_EMPTY_BODY = YES;
				CLANG_WARN_ENUM_CONVERSION = YES;
				CLANG_WARN_INFINITE_RECURSION = YES;
				CLANG_WARN_INT_CONVERSION = YES;
				CLANG_WARN_NON_LITERAL_NULL_CONVERSION = YES;
				CLANG_WARN_OBJC_LITERAL_CONVERSION = YES;
				CLANG_WARN_OBJC_ROOT_CLASS = YES_ERROR;
				CLANG_WARN_RANGE_LOOP_ANALYSIS = YES;
				CLANG_WARN_STRICT_PROTOTYPES = YES;
				CLANG_WARN_SUSPICIOUS_MOVE = YES;
				CLANG_WARN_UNGUARDED_AVAILABILITY = YES_AGGRESSIVE;
				CLANG_WARN_UNREACHABLE_CODE = YES;
				CLANG_WARN__DUPLICATE_METHOD_MATCH = YES;
				CODE_SIGN_IDENTITY = "iPhone Developer";
				COPY_PHASE_STRIP = NO;
				DEBUG_INFORMATION_FORMAT = "dwarf-with-dsym";
				ENABLE_NS_ASSERTIONS = NO;
				ENABLE_STRICT_OBJC_MSGSEND = YES;
				GCC_C_LANGUAGE_STANDARD = gnu11;
				GCC_NO_COMMON_BLOCKS = YES;
				GCC_WARN_64_TO_32_BIT_CONVERSION = YES;
				GCC_WARN_ABOUT_RETURN_TYPE = YES_ERROR;
				GCC_WARN_UNDECLARED_SELECTOR = YES;
				GCC_WARN_UNINITIALIZED_AUTOS = YES_AGGRESSIVE;
				GCC_WARN_UNUSED_FUNCTION = YES;
				GCC_WARN_UNUSED_VARIABLE = YES;
				IPHONEOS_DEPLOYMENT_TARGET = 11.2;
				MTL_ENABLE_DEBUG_INFO = NO;
				SDKROOT = iphoneos;
				VALIDATE_PRODUCT = YES;
			};
			name = Release;
		};
		841653811FE36C5B009C9CAD /* Debug */ = {
			isa = XCBuildConfiguration;
			buildSettings = {
				ASSETCATALOG_COMPILER_APPICON_NAME = AppIcon;
				CODE_SIGN_STYLE = Automatic;
				DEVELOPMENT_TEAM = YQK36NXFXE;
				INFOPLIST_FILE = ZJCityPickerViewController/Info.plist;
				IPHONEOS_DEPLOYMENT_TARGET = 8.0;
				LD_RUNPATH_SEARCH_PATHS = "$(inherited) @executable_path/Frameworks";
				PRODUCT_BUNDLE_IDENTIFIER = com.zoujie.ZJCityPickerViewController;
				PRODUCT_NAME = "$(TARGET_NAME)";
				TARGETED_DEVICE_FAMILY = "1,2";
			};
			name = Debug;
		};
		841653821FE36C5B009C9CAD /* Release */ = {
			isa = XCBuildConfiguration;
			buildSettings = {
				ASSETCATALOG_COMPILER_APPICON_NAME = AppIcon;
				CODE_SIGN_STYLE = Automatic;
				DEVELOPMENT_TEAM = YQK36NXFXE;
				INFOPLIST_FILE = ZJCityPickerViewController/Info.plist;
				IPHONEOS_DEPLOYMENT_TARGET = 8.0;
				LD_RUNPATH_SEARCH_PATHS = "$(inherited) @executable_path/Frameworks";
				PRODUCT_BUNDLE_IDENTIFIER = com.zoujie.ZJCityPickerViewController;
				PRODUCT_NAME = "$(TARGET_NAME)";
				TARGETED_DEVICE_FAMILY = "1,2";
			};
			name = Release;
		};
		841653841FE36C5B009C9CAD /* Debug */ = {
			isa = XCBuildConfiguration;
			buildSettings = {
				BUNDLE_LOADER = "$(TEST_HOST)";
				CODE_SIGN_STYLE = Automatic;
				DEVELOPMENT_TEAM = YQK36NXFXE;
				INFOPLIST_FILE = ZJCityPickerViewControllerTests/Info.plist;
				LD_RUNPATH_SEARCH_PATHS = "$(inherited) @executable_path/Frameworks @loader_path/Frameworks";
				PRODUCT_BUNDLE_IDENTIFIER = com.zoujie.ZJCityPickerViewControllerTests;
				PRODUCT_NAME = "$(TARGET_NAME)";
				TARGETED_DEVICE_FAMILY = "1,2";
				TEST_HOST = "$(BUILT_PRODUCTS_DIR)/ZJCityPickerViewController.app/ZJCityPickerViewController";
			};
			name = Debug;
		};
		841653851FE36C5B009C9CAD /* Release */ = {
			isa = XCBuildConfiguration;
			buildSettings = {
				BUNDLE_LOADER = "$(TEST_HOST)";
				CODE_SIGN_STYLE = Automatic;
				DEVELOPMENT_TEAM = YQK36NXFXE;
				INFOPLIST_FILE = ZJCityPickerViewControllerTests/Info.plist;
				LD_RUNPATH_SEARCH_PATHS = "$(inherited) @executable_path/Frameworks @loader_path/Frameworks";
				PRODUCT_BUNDLE_IDENTIFIER = com.zoujie.ZJCityPickerViewControllerTests;
				PRODUCT_NAME = "$(TARGET_NAME)";
				TARGETED_DEVICE_FAMILY = "1,2";
				TEST_HOST = "$(BUILT_PRODUCTS_DIR)/ZJCityPickerViewController.app/ZJCityPickerViewController";
			};
			name = Release;
		};
		841653871FE36C5B009C9CAD /* Debug */ = {
			isa = XCBuildConfiguration;
			buildSettings = {
				CODE_SIGN_STYLE = Automatic;
				DEVELOPMENT_TEAM = YQK36NXFXE;
				INFOPLIST_FILE = ZJCityPickerViewControllerUITests/Info.plist;
				LD_RUNPATH_SEARCH_PATHS = "$(inherited) @executable_path/Frameworks @loader_path/Frameworks";
				PRODUCT_BUNDLE_IDENTIFIER = com.zoujie.ZJCityPickerViewControllerUITests;
				PRODUCT_NAME = "$(TARGET_NAME)";
				TARGETED_DEVICE_FAMILY = "1,2";
				TEST_TARGET_NAME = ZJCityPickerViewController;
			};
			name = Debug;
		};
		841653881FE36C5B009C9CAD /* Release */ = {
			isa = XCBuildConfiguration;
			buildSettings = {
				CODE_SIGN_STYLE = Automatic;
				DEVELOPMENT_TEAM = YQK36NXFXE;
				INFOPLIST_FILE = ZJCityPickerViewControllerUITests/Info.plist;
				LD_RUNPATH_SEARCH_PATHS = "$(inherited) @executable_path/Frameworks @loader_path/Frameworks";
				PRODUCT_BUNDLE_IDENTIFIER = com.zoujie.ZJCityPickerViewControllerUITests;
				PRODUCT_NAME = "$(TARGET_NAME)";
				TARGETED_DEVICE_FAMILY = "1,2";
				TEST_TARGET_NAME = ZJCityPickerViewController;
			};
			name = Release;
		};
/* End XCBuildConfiguration section */

/* Begin XCConfigurationList section */
		8416534F1FE36C5B009C9CAD /* Build configuration list for PBXProject "ZJCityPickerViewController" */ = {
			isa = XCConfigurationList;
			buildConfigurations = (
				8416537E1FE36C5B009C9CAD /* Debug */,
				8416537F1FE36C5B009C9CAD /* Release */,
			);
			defaultConfigurationIsVisible = 0;
			defaultConfigurationName = Release;
		};
		841653801FE36C5B009C9CAD /* Build configuration list for PBXNativeTarget "ZJCityPickerViewController" */ = {
			isa = XCConfigurationList;
			buildConfigurations = (
				841653811FE36C5B009C9CAD /* Debug */,
				841653821FE36C5B009C9CAD /* Release */,
			);
			defaultConfigurationIsVisible = 0;
			defaultConfigurationName = Release;
		};
		841653831FE36C5B009C9CAD /* Build configuration list for PBXNativeTarget "ZJCityPickerViewControllerTests" */ = {
			isa = XCConfigurationList;
			buildConfigurations = (
				841653841FE36C5B009C9CAD /* Debug */,
				841653851FE36C5B009C9CAD /* Release */,
			);
			defaultConfigurationIsVisible = 0;
			defaultConfigurationName = Release;
		};
		841653861FE36C5B009C9CAD /* Build configuration list for PBXNativeTarget "ZJCityPickerViewControllerUITests" */ = {
			isa = XCConfigurationList;
			buildConfigurations = (
				841653871FE36C5B009C9CAD /* Debug */,
				841653881FE36C5B009C9CAD /* Release */,
			);
			defaultConfigurationIsVisible = 0;
			defaultConfigurationName = Release;
		};
/* End XCConfigurationList section */
	};
	rootObject = 8416534C1FE36C5B009C9CAD /* Project object */;
}
